
Microsoft Visual Studio Solution File, Format Version 12.00
# Visual Studio Version 16
VisualStudioVersion = 16.0.30011.22
MinimumVisualStudioVersion = 10.0.40219.1
Project("{FAE04EC0-301F-11D3-BF4B-00C04F79EFBC}") = "ButceTakip.Android", "ButceTakip\ButceTakip.Android\ButceTakip.Android.csproj", "{69C65E1C-2E0C-4DCA-BEB6-679A09548DAD}"
EndProject
Project("{FAE04EC0-301F-11D3-BF4B-00C04F79EFBC}") = "ButceTakip.iOS", "ButceTakip\ButceTakip.iOS\ButceTakip.iOS.csproj", "{EDE37580-57E1-44F6-BB2C-3B60B5100A77}"
EndProject
Project("{FAE04EC0-301F-11D3-BF4B-00C04F79EFBC}") = "ButceTakip", "ButceTakip\ButceTakip\ButceTakip.csproj", "{A5E6D226-F560-4656-AEC1-D783FE49FBE5}"
EndProject
Global
	GlobalSection(SolutionConfigurationPlatforms) = preSolution
		Debug|Any CPU = Debug|Any CPU
		Debug|iPhone = Debug|iPhone
		Debug|iPhoneSimulator = Debug|iPhoneSimulator
		Release|Any CPU = Release|Any CPU
		Release|iPhone = Release|iPhone
		Release|iPhoneSimulator = Release|iPhoneSimulator
	EndGlobalSection
	GlobalSection(ProjectConfigurationPlatforms) = postSolution
		{69C65E1C-2E0C-4DCA-BEB6-679A09548DAD}.Debug|Any CPU.ActiveCfg = Debug|Any CPU
		{69C65E1C-2E0C-4DCA-BEB6-679A09548DAD}.Debug|Any CPU.Build.0 = Debug|Any CPU
		{69C65E1C-2E0C-4DCA-BEB6-679A09548DAD}.Debug|Any CPU.Deploy.0 = Debug|Any CPU
		{69C65E1C-2E0C-4DCA-BEB6-679A09548DAD}.Debug|iPhone.ActiveCfg = Debug|Any CPU
		{69C65E1C-2E0C-4DCA-BEB6-679A09548DAD}.Debug|iPhone.Build.0 = Debug|Any CPU
		{69C65E1C-2E0C-4DCA-BEB6-679A09548DAD}.Debug|iPhone.Deploy.0 = Debug|Any CPU
		{69C65E1C-2E0C-4DCA-BEB6-679A09548DAD}.Debug|iPhoneSimulator.ActiveCfg = Debug|Any CPU
		{69C65E1C-2E0C-4DCA-BEB6-679A09548DAD}.Debug|iPhoneSimulator.Build.0 = Debug|Any CPU
		{69C65E1C-2E0C-4DCA-BEB6-679A09548DAD}.Debug|iPhoneSimulator.Deploy.0 = Debug|Any CPU
		{69C65E1C-2E0C-4DCA-BEB6-679A09548DAD}.Release|Any CPU.ActiveCfg = Release|Any CPU
		{69C65E1C-2E0C-4DCA-BEB6-679A09548DAD}.Release|Any CPU.Build.0 = Release|Any CPU
		{69C65E1C-2E0C-4DCA-BEB6-679A09548DAD}.Release|Any CPU.Deploy.0 = Release|Any CPU
		{69C65E1C-2E0C-4DCA-BEB6-679A09548DAD}.Release|iPhone.ActiveCfg = Release|Any CPU
		{69C65E1C-2E0C-4DCA-BEB6-679A09548DAD}.Release|iPhone.Build.0 = Release|Any CPU
		{69C65E1C-2E0C-4DCA-BEB6-679A09548DAD}.Release|iPhone.Deploy.0 = Release|Any CPU
		{69C65E1C-2E0C-4DCA-BEB6-679A09548DAD}.Release|iPhoneSimulator.ActiveCfg = Release|Any CPU
		{69C65E1C-2E0C-4DCA-BEB6-679A09548DAD}.Release|iPhoneSimulator.Build.0 = Release|Any CPU
		{69C65E1C-2E0C-4DCA-BEB6-679A09548DAD}.Release|iPhoneSimulator.Deploy.0 = Release|Any CPU
		{EDE37580-57E1-44F6-BB2C-3B60B5100A77}.Debug|Any CPU.ActiveCfg = Debug|iPhone
		{EDE37580-57E1-44F6-BB2C-3B60B5100A77}.Debug|Any CPU.Build.0 = Debug|iPhone
		{EDE37580-57E1-44F6-BB2C-3B60B5100A77}.Debug|Any CPU.Deploy.0 = Debug|iPhone
		{EDE37580-57E1-44F6-BB2C-3B60B5100A77}.Debug|iPhone.ActiveCfg = Debug|iPhone
		{EDE37580-57E1-44F6-BB2C-3B60B5100A77}.Debug|iPhone.Build.0 = Debug|iPhone
		{EDE37580-57E1-44F6-BB2C-3B60B5100A77}.Debug|iPhone.Deploy.0 = Debug|iPhone
		{EDE37580-57E1-44F6-BB2C-3B60B5100A77}.Debug|iPhoneSimulator.ActiveCfg = Debug|iPhoneSimulator
		{EDE37580-57E1-44F6-BB2C-3B60B5100A77}.Debug|iPhoneSimulator.Build.0 = Debug|iPhoneSimulator
		{EDE37580-57E1-44F6-BB2C-3B60B5100A77}.Debug|iPhoneSimulator.Deploy.0 = Debug|iPhoneSimulator
		{EDE37580-57E1-44F6-BB2C-3B60B5100A77}.Release|Any CPU.ActiveCfg = Release|iPhone
		{EDE37580-57E1-44F6-BB2C-3B60B5100A77}.Release|Any CPU.Build.0 = Release|iPhone
		{EDE37580-57E1-44F6-BB2C-3B60B5100A77}.Release|Any CPU.Deploy.0 = Release|iPhone
		{EDE37580-57E1-44F6-BB2C-3B60B5100A77}.Release|iPhone.ActiveCfg = Release|iPhone
		{EDE37580-57E1-44F6-BB2C-3B60B5100A77}.Release|iPhone.Build.0 = Release|iPhone
		{EDE37580-57E1-44F6-BB2C-3B60B5100A77}.Release|iPhone.Deploy.0 = Release|iPhone
		{EDE37580-57E1-44F6-BB2C-3B60B5100A77}.Release|iPhoneSimulator.ActiveCfg = Release|iPhoneSimulator
		{EDE37580-57E1-44F6-BB2C-3B60B5100A77}.Release|iPhoneSimulator.Build.0 = Release|iPhoneSimulator
		{EDE37580-57E1-44F6-BB2C-3B60B5100A77}.Release|iPhoneSimulator.Deploy.0 = Release|iPhoneSimulator
		{A5E6D226-F560-4656-AEC1-D783FE49FBE5}.Debug|Any CPU.ActiveCfg = Debug|Any CPU
		{A5E6D226-F560-4656-AEC1-D783FE49FBE5}.Debug|Any CPU.Build.0 = Debug|Any CPU
		{A5E6D226-F560-4656-AEC1-D783FE49FBE5}.Debug|Any CPU.Deploy.0 = Debug|Any CPU
		{A5E6D226-F560-4656-AEC1-D783FE49FBE5}.Debug|iPhone.ActiveCfg = Debug|Any CPU
		{A5E6D226-F560-4656-AEC1-D783FE49FBE5}.Debug|iPhone.Build.0 = Debug|Any CPU
		{A5E6D226-F560-4656-AEC1-D783FE49FBE5}.Debug|iPhone.Deploy.0 = Debug|Any CPU
		{A5E6D226-F560-4656-AEC1-D783FE49FBE5}.Debug|iPhoneSimulator.ActiveCfg = Debug|Any CPU
		{A5E6D226-F560-4656-AEC1-D783FE49FBE5}.Debug|iPhoneSimulator.Build.0 = Debug|Any CPU
		{A5E6D226-F560-4656-AEC1-D783FE49FBE5}.Debug|iPhoneSimulator.Deploy.0 = Debug|Any CPU
		{A5E6D226-F560-4656-AEC1-D783FE49FBE5}.Release|Any CPU.ActiveCfg = Release|Any CPU
		{A5E6D226-F560-4656-AEC1-D783FE49FBE5}.Release|Any CPU.Build.0 = Release|Any CPU
		{A5E6D226-F560-4656-AEC1-D783FE49FBE5}.Release|Any CPU.Deploy.0 = Release|Any CPU
		{A5E6D226-F560-4656-AEC1-D783FE49FBE5}.Release|iPhone.ActiveCfg = Release|Any CPU
		{A5E6D226-F560-4656-AEC1-D783FE49FBE5}.Release|iPhone.Build.0 = Release|Any CPU
		{A5E6D226-F560-4656-AEC1-D783FE49FBE5}.Release|iPhone.Deploy.0 = Release|Any CPU
		{A5E6D226-F560-4656-AEC1-D783FE49FBE5}.Release|iPhoneSimulator.ActiveCfg = Release|Any CPU
		{A5E6D226-F560-4656-AEC1-D783FE49FBE5}.Release|iPhoneSimulator.Build.0 = Release|Any CPU
		{A5E6D226-F560-4656-AEC1-D783FE49FBE5}.Release|iPhoneSimulator.Deploy.0 = Release|Any CPU
	EndGlobalSection
	GlobalSection(SolutionProperties) = preSolution
		HideSolutionNode = FALSE
	EndGlobalSection
	GlobalSection(ExtensibilityGlobals) = postSolution
		SolutionGuid = {387E214B-BFFB-44C5-A5E8-42C7A9C0F85B}
	EndGlobalSection
EndGlobal
